
Microsoft Visual Studio Solution File, Format Version 12.00
# Visual Studio 14
VisualStudioVersion = 14.0.25123.0
MinimumVisualStudioVersion = 10.0.40219.1
Project("{FAE04EC0-301F-11D3-BF4B-00C04F79EFBC}") = "inMemoryDbBenchmark", "inMemoryDbBenchmark\inMemoryDbBenchmark.csproj", "{A550FF7F-7357-4277-A470-5080D8044AE7}"
EndProject
Project("{FAE04EC0-301F-11D3-BF4B-00C04F79EFBC}") = "RedisDatabase", "Redis\RedisDatabase.csproj", "{E1F57649-BBF9-47E5-9497-C2C032FF73F1}"
EndProject
Project("{FAE04EC0-301F-11D3-BF4B-00C04F79EFBC}") = "csvReader", "csvReader\csvReader.csproj", "{F0AB149A-D4BE-4604-872A-59439097CBBF}"
EndProject
Project("{FAE04EC0-301F-11D3-BF4B-00C04F79EFBC}") = "HelperMethods", "HelperMethods\HelperMethods.csproj", "{8A74BE52-B69C-4046-BB2A-6C93A975B77D}"
EndProject
Global
	GlobalSection(SolutionConfigurationPlatforms) = preSolution
		Debug|x64 = Debug|x64
		Release|x64 = Release|x64
	EndGlobalSection
	GlobalSection(ProjectConfigurationPlatforms) = postSolution
		{A550FF7F-7357-4277-A470-5080D8044AE7}.Debug|x64.ActiveCfg = Debug|x64
		{A550FF7F-7357-4277-A470-5080D8044AE7}.Debug|x64.Build.0 = Debug|x64
		{A550FF7F-7357-4277-A470-5080D8044AE7}.Release|x64.ActiveCfg = Release|x64
		{A550FF7F-7357-4277-A470-5080D8044AE7}.Release|x64.Build.0 = Release|x64
		{E1F57649-BBF9-47E5-9497-C2C032FF73F1}.Debug|x64.ActiveCfg = Debug|x64
		{E1F57649-BBF9-47E5-9497-C2C032FF73F1}.Debug|x64.Build.0 = Debug|x64
		{E1F57649-BBF9-47E5-9497-C2C032FF73F1}.Release|x64.ActiveCfg = Release|x64
		{E1F57649-BBF9-47E5-9497-C2C032FF73F1}.Release|x64.Build.0 = Release|x64
		{F0AB149A-D4BE-4604-872A-59439097CBBF}.Debug|x64.ActiveCfg = Debug|x64
		{F0AB149A-D4BE-4604-872A-59439097CBBF}.Debug|x64.Build.0 = Debug|x64
		{F0AB149A-D4BE-4604-872A-59439097CBBF}.Debug|x64.Deploy.0 = Debug|x64
		{F0AB149A-D4BE-4604-872A-59439097CBBF}.Release|x64.ActiveCfg = Release|x64
		{F0AB149A-D4BE-4604-872A-59439097CBBF}.Release|x64.Build.0 = Release|x64
		{8A74BE52-B69C-4046-BB2A-6C93A975B77D}.Debug|x64.ActiveCfg = Debug|x64
		{8A74BE52-B69C-4046-BB2A-6C93A975B77D}.Debug|x64.Build.0 = Debug|x64
		{8A74BE52-B69C-4046-BB2A-6C93A975B77D}.Release|x64.ActiveCfg = Release|x64
		{8A74BE52-B69C-4046-BB2A-6C93A975B77D}.Release|x64.Build.0 = Release|x64
	EndGlobalSection
	GlobalSection(SolutionProperties) = preSolution
		HideSolutionNode = FALSE
	EndGlobalSection
EndGlobal
